
Microsoft Visual Studio Solution File, Format Version 12.00
# Visual Studio 15
VisualStudioVersion = 15.0.26124.0
MinimumVisualStudioVersion = 15.0.26124.0
Project("{F2A71F9B-5D33-465A-A702-920D77279786}") = "lang", "lang\lang.fsproj", "{1B3E7326-0A3D-44FD-AF68-980FCFFEF73C}"
EndProject
Project("{F2A71F9B-5D33-465A-A702-920D77279786}") = "ProjectParserTests", "ProjectParserTests\ProjectParserTests.fsproj", "{8090508A-E122-42FA-B450-9ED6097AEDE7}"
EndProject
Project("{F2A71F9B-5D33-465A-A702-920D77279786}") = "ProjectInterpreterTests", "ProjectInterpreterTests\ProjectInterpreterTests.fsproj", "{B6E452E8-E97C-4F20-86EC-8C5A577CC82D}"
EndProject
Global
	GlobalSection(SolutionConfigurationPlatforms) = preSolution
		Debug|Any CPU = Debug|Any CPU
		Debug|x64 = Debug|x64
		Debug|x86 = Debug|x86
		Release|Any CPU = Release|Any CPU
		Release|x64 = Release|x64
		Release|x86 = Release|x86
	EndGlobalSection
	GlobalSection(SolutionProperties) = preSolution
		HideSolutionNode = FALSE
	EndGlobalSection
	GlobalSection(ProjectConfigurationPlatforms) = postSolution
		{1B3E7326-0A3D-44FD-AF68-980FCFFEF73C}.Debug|Any CPU.ActiveCfg = Debug|Any CPU
		{1B3E7326-0A3D-44FD-AF68-980FCFFEF73C}.Debug|Any CPU.Build.0 = Debug|Any CPU
		{1B3E7326-0A3D-44FD-AF68-980FCFFEF73C}.Debug|x64.ActiveCfg = Debug|Any CPU
		{1B3E7326-0A3D-44FD-AF68-980FCFFEF73C}.Debug|x64.Build.0 = Debug|Any CPU
		{1B3E7326-0A3D-44FD-AF68-980FCFFEF73C}.Debug|x86.ActiveCfg = Debug|Any CPU
		{1B3E7326-0A3D-44FD-AF68-980FCFFEF73C}.Debug|x86.Build.0 = Debug|Any CPU
		{1B3E7326-0A3D-44FD-AF68-980FCFFEF73C}.Release|Any CPU.ActiveCfg = Release|Any CPU
		{1B3E7326-0A3D-44FD-AF68-980FCFFEF73C}.Release|Any CPU.Build.0 = Release|Any CPU
		{1B3E7326-0A3D-44FD-AF68-980FCFFEF73C}.Release|x64.ActiveCfg = Release|Any CPU
		{1B3E7326-0A3D-44FD-AF68-980FCFFEF73C}.Release|x64.Build.0 = Release|Any CPU
		{1B3E7326-0A3D-44FD-AF68-980FCFFEF73C}.Release|x86.ActiveCfg = Release|Any CPU
		{1B3E7326-0A3D-44FD-AF68-980FCFFEF73C}.Release|x86.Build.0 = Release|Any CPU
		{8090508A-E122-42FA-B450-9ED6097AEDE7}.Debug|Any CPU.ActiveCfg = Debug|Any CPU
		{8090508A-E122-42FA-B450-9ED6097AEDE7}.Debug|Any CPU.Build.0 = Debug|Any CPU
		{8090508A-E122-42FA-B450-9ED6097AEDE7}.Debug|x64.ActiveCfg = Debug|Any CPU
		{8090508A-E122-42FA-B450-9ED6097AEDE7}.Debug|x64.Build.0 = Debug|Any CPU
		{8090508A-E122-42FA-B450-9ED6097AEDE7}.Debug|x86.ActiveCfg = Debug|Any CPU
		{8090508A-E122-42FA-B450-9ED6097AEDE7}.Debug|x86.Build.0 = Debug|Any CPU
		{8090508A-E122-42FA-B450-9ED6097AEDE7}.Release|Any CPU.ActiveCfg = Release|Any CPU
		{8090508A-E122-42FA-B450-9ED6097AEDE7}.Release|Any CPU.Build.0 = Release|Any CPU
		{8090508A-E122-42FA-B450-9ED6097AEDE7}.Release|x64.ActiveCfg = Release|Any CPU
		{8090508A-E122-42FA-B450-9ED6097AEDE7}.Release|x64.Build.0 = Release|Any CPU
		{8090508A-E122-42FA-B450-9ED6097AEDE7}.Release|x86.ActiveCfg = Release|Any CPU
		{8090508A-E122-42FA-B450-9ED6097AEDE7}.Release|x86.Build.0 = Release|Any CPU
		{B6E452E8-E97C-4F20-86EC-8C5A577CC82D}.Debug|Any CPU.ActiveCfg = Debug|Any CPU
		{B6E452E8-E97C-4F20-86EC-8C5A577CC82D}.Debug|Any CPU.Build.0 = Debug|Any CPU
		{B6E452E8-E97C-4F20-86EC-8C5A577CC82D}.Debug|x64.ActiveCfg = Debug|Any CPU
		{B6E452E8-E97C-4F20-86EC-8C5A577CC82D}.Debug|x64.Build.0 = Debug|Any CPU
		{B6E452E8-E97C-4F20-86EC-8C5A577CC82D}.Debug|x86.ActiveCfg = Debug|Any CPU
		{B6E452E8-E97C-4F20-86EC-8C5A577CC82D}.Debug|x86.Build.0 = Debug|Any CPU
		{B6E452E8-E97C-4F20-86EC-8C5A577CC82D}.Release|Any CPU.ActiveCfg = Release|Any CPU
		{B6E452E8-E97C-4F20-86EC-8C5A577CC82D}.Release|Any CPU.Build.0 = Release|Any CPU
		{B6E452E8-E97C-4F20-86EC-8C5A577CC82D}.Release|x64.ActiveCfg = Release|Any CPU
		{B6E452E8-E97C-4F20-86EC-8C5A577CC82D}.Release|x64.Build.0 = Release|Any CPU
		{B6E452E8-E97C-4F20-86EC-8C5A577CC82D}.Release|x86.ActiveCfg = Release|Any CPU
		{B6E452E8-E97C-4F20-86EC-8C5A577CC82D}.Release|x86.Build.0 = Release|Any CPU
	EndGlobalSection
EndGlobal
